schema: '2.0'
stages:
  data_ingestion:
    cmd: python src/datas/data_ingestion.py
    deps:
    - path: data/external
      hash: md5
      md5: 6ba8e0db7d9ade8a35be34a9d7232fb9.dir
      size: 1346726
      nfiles: 2
    - path: src/datas/data_ingestion.py
      hash: md5
      md5: 567759e5a30dbc664ddbd114a73526e2
      size: 3396
    params:
      params.yaml:
        Data_ingestion.test_size: 0.1
    outs:
    - path: data/raw
      hash: md5
      md5: bf729bd408b9ba0045d1ce0b9cf6fd76.dir
      size: 1318008
      nfiles: 2
  data_preprocessing:
    cmd: python src/datas/data_preprocessing.py
    deps:
    - path: data/raw
      hash: md5
      md5: bf729bd408b9ba0045d1ce0b9cf6fd76.dir
      size: 1318008
      nfiles: 2
    - path: src/datas/data_preprocessing.py
      hash: md5
      md5: c87e9539956c7b5d41fd549938fbad37
      size: 3674
    outs:
    - path: data/interim
      hash: md5
      md5: 03886f29e814c723f6f6b803d71ddd40.dir
      size: 1728778
      nfiles: 2
    - path: models/scaler.pkl
      hash: md5
      md5: 878f2abd8005eeeeaacafa7f31612474
      size: 1151
  feature_engineering:
    cmd: python src/features/feature_engineering.py
    deps:
    - path: data/interim
      hash: md5
      md5: 03886f29e814c723f6f6b803d71ddd40.dir
      size: 1728778
      nfiles: 2
    - path: src/features/feature_engineering.py
      hash: md5
      md5: abb227f8f601682a3fe35c3e18b0825b
      size: 3186
    outs:
    - path: data/processed
      hash: md5
      md5: 8f524fb998f47da50413fee2ad36b343.dir
      size: 1314997
      nfiles: 2
    - path: models/encoder.pkl
      hash: md5
      md5: c465bb96b4ca61124d9d2b2bb48129f8
      size: 3736
  model_building:
    cmd: python src/model/model_building.py
    deps:
    - path: data/processed
      hash: md5
      md5: 8f524fb998f47da50413fee2ad36b343.dir
      size: 1314997
      nfiles: 2
    - path: src/model/model_building.py
      hash: md5
      md5: 7cbc00c809f18509bfd6ab522248e314
      size: 3711
    params:
      params.yaml:
        Model_building.learning_rate: 0.1
        Model_building.max_depth: 5
        Model_building.n_estimator: 10
    outs:
    - path: models/model.pkl
      hash: md5
      md5: ccbbaad5b88452b6d84aa8b241461e00
      size: 78008
  model_evaluation:
    cmd: python src/model/model_evaluation.py
    deps:
    - path: data/processed
      hash: md5
      md5: 8f524fb998f47da50413fee2ad36b343.dir
      size: 1314997
      nfiles: 2
    - path: models/model.pkl
      hash: md5
      md5: ccbbaad5b88452b6d84aa8b241461e00
      size: 78008
    - path: src/model/model_building.py
      hash: md5
      md5: 7cbc00c809f18509bfd6ab522248e314
      size: 3711
    outs:
    - path: reports/metrics.json
      hash: md5
      md5: 438de0d626542e0cc120ccfbfb4645b4
      size: 151
