schema: '2.0'
stages:
  data_ingestion:
    cmd: python src/datas/data_ingestion.py
    deps:
    - path: data/external
      hash: md5
      md5: 6ba8e0db7d9ade8a35be34a9d7232fb9.dir
      size: 1346726
      nfiles: 2
    - path: src/datas/data_ingestion.py
      hash: md5
      md5: 567759e5a30dbc664ddbd114a73526e2
      size: 3396
    params:
      params.yaml:
        Data_ingestion.test_size: 0.3
    outs:
    - path: data/raw
      hash: md5
      md5: 60e10d2bf6d10539cbcdfea695689c10.dir
      size: 1318008
      nfiles: 2
  data_preprocessing:
    cmd: python src/datas/data_preprocessing.py
    deps:
    - path: data/raw
      hash: md5
      md5: 60e10d2bf6d10539cbcdfea695689c10.dir
      size: 1318008
      nfiles: 2
    - path: src/datas/data_preprocessing.py
      hash: md5
      md5: c87e9539956c7b5d41fd549938fbad37
      size: 3674
    outs:
    - path: data/interim
      hash: md5
      md5: b0f1daef9659f93d4d0b899dddac0368.dir
      size: 1721153
      nfiles: 2
    - path: models/scaler.pkl
      hash: md5
      md5: 59ed207d73bf8aa9aa13d025442e28b4
      size: 1151
  feature_engineering:
    cmd: python src/features/feature_engineering.py
    deps:
    - path: data/interim
      hash: md5
      md5: b0f1daef9659f93d4d0b899dddac0368.dir
      size: 1721153
      nfiles: 2
    - path: src/features/feature_engineering.py
      hash: md5
      md5: abb227f8f601682a3fe35c3e18b0825b
      size: 3186
    outs:
    - path: data/processed
      hash: md5
      md5: 32bed4e34bb6fba3a5320a56747e0de0.dir
      size: 1311903
      nfiles: 2
    - path: models/encoder.pkl
      hash: md5
      md5: c465bb96b4ca61124d9d2b2bb48129f8
      size: 3736
  model_building:
    cmd: python src/model/model_building.py
    deps:
    - path: data/processed
      hash: md5
      md5: 32bed4e34bb6fba3a5320a56747e0de0.dir
      size: 1311903
      nfiles: 2
    - path: src/model/model_building.py
      hash: md5
      md5: 7cbc00c809f18509bfd6ab522248e314
      size: 3711
    params:
      params.yaml:
        Model_building.learning_rate: 0.1
        Model_building.max_depth: 5
        Model_building.n_estimator: 10
    outs:
    - path: models/model.pkl
      hash: md5
      md5: 22973f5386d84113fef6b507f55d92d2
      size: 77304
  model_evaluation:
    cmd: python src/model/model_evaluation.py
    deps:
    - path: data/processed
      hash: md5
      md5: 32bed4e34bb6fba3a5320a56747e0de0.dir
      size: 1311903
      nfiles: 2
    - path: models/model.pkl
      hash: md5
      md5: 22973f5386d84113fef6b507f55d92d2
      size: 77304
    - path: src/model/model_building.py
      hash: md5
      md5: 7cbc00c809f18509bfd6ab522248e314
      size: 3711
    outs:
    - path: reports/metrics.json
      hash: md5
      md5: 273d56a209e0517eb398979372c2d073
      size: 150
